
Microsoft Visual Studio Solution File, Format Version 12.00
# Visual Studio Version 16
VisualStudioVersion = 25.0.1705.6
MinimumVisualStudioVersion = 10.0.40219.1
Project("{FAE04EC0-301F-11D3-BF4B-00C04F79EFBC}") = "ex6", "ex6.csproj", "{1DC0753F-ED72-43D9-8958-1CE7DAC9AC9C}"
EndProject
Global
	GlobalSection(SolutionConfigurationPlatforms) = preSolution
		Debug|Any CPU = Debug|Any CPU
		Release|Any CPU = Release|Any CPU
	EndGlobalSection
	GlobalSection(ProjectConfigurationPlatforms) = postSolution
		{1DC0753F-ED72-43D9-8958-1CE7DAC9AC9C}.Debug|Any CPU.ActiveCfg = Debug|Any CPU
		{1DC0753F-ED72-43D9-8958-1CE7DAC9AC9C}.Debug|Any CPU.Build.0 = Debug|Any CPU
		{1DC0753F-ED72-43D9-8958-1CE7DAC9AC9C}.Release|Any CPU.ActiveCfg = Release|Any CPU
		{1DC0753F-ED72-43D9-8958-1CE7DAC9AC9C}.Release|Any CPU.Build.0 = Release|Any CPU
	EndGlobalSection
	GlobalSection(SolutionProperties) = preSolution
		HideSolutionNode = FALSE
	EndGlobalSection
	GlobalSection(ExtensibilityGlobals) = postSolution
		SolutionGuid = {7D9F4C83-DC86-4928-AC3B-6415E97546C9}
	EndGlobalSection
EndGlobal
