
Microsoft Visual Studio Solution File, Format Version 12.00
# Visual Studio Version 16
VisualStudioVersion = 25.0.1705.6
MinimumVisualStudioVersion = 10.0.40219.1
Project("{FAE04EC0-301F-11D3-BF4B-00C04F79EFBC}") = "ex7", "ex7.csproj", "{7C4C4F62-C809-4E43-A319-850D3895EE19}"
EndProject
Global
	GlobalSection(SolutionConfigurationPlatforms) = preSolution
		Debug|Any CPU = Debug|Any CPU
		Release|Any CPU = Release|Any CPU
	EndGlobalSection
	GlobalSection(ProjectConfigurationPlatforms) = postSolution
		{7C4C4F62-C809-4E43-A319-850D3895EE19}.Debug|Any CPU.ActiveCfg = Debug|Any CPU
		{7C4C4F62-C809-4E43-A319-850D3895EE19}.Debug|Any CPU.Build.0 = Debug|Any CPU
		{7C4C4F62-C809-4E43-A319-850D3895EE19}.Release|Any CPU.ActiveCfg = Release|Any CPU
		{7C4C4F62-C809-4E43-A319-850D3895EE19}.Release|Any CPU.Build.0 = Release|Any CPU
	EndGlobalSection
	GlobalSection(SolutionProperties) = preSolution
		HideSolutionNode = FALSE
	EndGlobalSection
	GlobalSection(ExtensibilityGlobals) = postSolution
		SolutionGuid = {428EB9DE-98F1-40AC-A280-00D22B7CDF05}
	EndGlobalSection
EndGlobal
